
Microsoft Visual Studio Solution File, Format Version 12.00
# Visual Studio Version 17
VisualStudioVersion = 17.6.33723.286
MinimumVisualStudioVersion = 10.0.40219.1
Project("{FAE04EC0-301F-11D3-BF4B-00C04F79EFBC}") = "BlazorApp2", "BlazorApp2.csproj", "{CEED6062-653C-4F3F-8FFD-746B4A382F2C}"
EndProject
Global
	GlobalSection(SolutionConfigurationPlatforms) = preSolution
		Debug|Any CPU = Debug|Any CPU
		Release|Any CPU = Release|Any CPU
	EndGlobalSection
	GlobalSection(ProjectConfigurationPlatforms) = postSolution
		{CEED6062-653C-4F3F-8FFD-746B4A382F2C}.Debug|Any CPU.ActiveCfg = Debug|Any CPU
		{CEED6062-653C-4F3F-8FFD-746B4A382F2C}.Debug|Any CPU.Build.0 = Debug|Any CPU
		{CEED6062-653C-4F3F-8FFD-746B4A382F2C}.Release|Any CPU.ActiveCfg = Release|Any CPU
		{CEED6062-653C-4F3F-8FFD-746B4A382F2C}.Release|Any CPU.Build.0 = Release|Any CPU
	EndGlobalSection
	GlobalSection(SolutionProperties) = preSolution
		HideSolutionNode = FALSE
	EndGlobalSection
	GlobalSection(ExtensibilityGlobals) = postSolution
		SolutionGuid = {A79EC418-5454-4949-8A55-B85F9B52B450}
	EndGlobalSection
EndGlobal
